
Microsoft Visual Studio Solution File, Format Version 12.00
# Visual Studio 15
VisualStudioVersion = 15.0.26430.12
MinimumVisualStudioVersion = 10.0.40219.1
Project("{FAE04EC0-301F-11D3-BF4B-00C04F79EFBC}") = "01. Array Statistics", "01. Array Statistics\01. Array Statistics.csproj", "{3805F2AC-26D6-42AD-A566-7DFEA094E68C}"
EndProject
Project("{FAE04EC0-301F-11D3-BF4B-00C04F79EFBC}") = "02. Manipulate Array", "02. Manipulate Array\02. Manipulate Array.csproj", "{D0FF0F46-F596-481B-B271-AFAE2727AF70}"
EndProject
Project("{FAE04EC0-301F-11D3-BF4B-00C04F79EFBC}") = "03. Safe Manipulation", "03. Safe Manipulation\03. Safe Manipulation.csproj", "{2F75D72C-542E-4391-9CE4-88E3D40DDE02}"
EndProject
Project("{FAE04EC0-301F-11D3-BF4B-00C04F79EFBC}") = "04. Grab and Go", "04. Grab and Go\04. Grab and Go.csproj", "{39DFBD2D-689B-47C1-99FF-A3C388D5B946}"
EndProject
Project("{FAE04EC0-301F-11D3-BF4B-00C04F79EFBC}") = "05. Pizza Ingredients", "05. Pizza Ingredients\05. Pizza Ingredients.csproj", "{B307A00E-D7EC-4A0D-9FCF-A41B023C8D9F}"
EndProject
Project("{FAE04EC0-301F-11D3-BF4B-00C04F79EFBC}") = "06. Heists", "06. Heists\06. Heists.csproj", "{839F22B8-309D-4228-BA55-DE14B6B76FA9}"
EndProject
Project("{FAE04EC0-301F-11D3-BF4B-00C04F79EFBC}") = "07. Inventory Matcher", "07. Inventory Matcher\07. Inventory Matcher.csproj", "{8F333EDF-6968-4AF9-BC5C-2A7BE29D22BA}"
EndProject
Project("{FAE04EC0-301F-11D3-BF4B-00C04F79EFBC}") = "08. Upgraded Matcher", "08. Upgraded Matcher\08. Upgraded Matcher.csproj", "{2CAE0AB2-110E-4827-98C9-6C5157BDFFAA}"
EndProject
Project("{FAE04EC0-301F-11D3-BF4B-00C04F79EFBC}") = "09. Jump Around", "09. Jump Around\09. Jump Around.csproj", "{72E4B66F-C23D-4657-9063-7DBAAE27A826}"
EndProject
Global
	GlobalSection(SolutionConfigurationPlatforms) = preSolution
		Debug|Any CPU = Debug|Any CPU
		Release|Any CPU = Release|Any CPU
	EndGlobalSection
	GlobalSection(ProjectConfigurationPlatforms) = postSolution
		{3805F2AC-26D6-42AD-A566-7DFEA094E68C}.Debug|Any CPU.ActiveCfg = Debug|Any CPU
		{3805F2AC-26D6-42AD-A566-7DFEA094E68C}.Debug|Any CPU.Build.0 = Debug|Any CPU
		{3805F2AC-26D6-42AD-A566-7DFEA094E68C}.Release|Any CPU.ActiveCfg = Release|Any CPU
		{3805F2AC-26D6-42AD-A566-7DFEA094E68C}.Release|Any CPU.Build.0 = Release|Any CPU
		{D0FF0F46-F596-481B-B271-AFAE2727AF70}.Debug|Any CPU.ActiveCfg = Debug|Any CPU
		{D0FF0F46-F596-481B-B271-AFAE2727AF70}.Debug|Any CPU.Build.0 = Debug|Any CPU
		{D0FF0F46-F596-481B-B271-AFAE2727AF70}.Release|Any CPU.ActiveCfg = Release|Any CPU
		{D0FF0F46-F596-481B-B271-AFAE2727AF70}.Release|Any CPU.Build.0 = Release|Any CPU
		{2F75D72C-542E-4391-9CE4-88E3D40DDE02}.Debug|Any CPU.ActiveCfg = Debug|Any CPU
		{2F75D72C-542E-4391-9CE4-88E3D40DDE02}.Debug|Any CPU.Build.0 = Debug|Any CPU
		{2F75D72C-542E-4391-9CE4-88E3D40DDE02}.Release|Any CPU.ActiveCfg = Release|Any CPU
		{2F75D72C-542E-4391-9CE4-88E3D40DDE02}.Release|Any CPU.Build.0 = Release|Any CPU
		{39DFBD2D-689B-47C1-99FF-A3C388D5B946}.Debug|Any CPU.ActiveCfg = Debug|Any CPU
		{39DFBD2D-689B-47C1-99FF-A3C388D5B946}.Debug|Any CPU.Build.0 = Debug|Any CPU
		{39DFBD2D-689B-47C1-99FF-A3C388D5B946}.Release|Any CPU.ActiveCfg = Release|Any CPU
		{39DFBD2D-689B-47C1-99FF-A3C388D5B946}.Release|Any CPU.Build.0 = Release|Any CPU
		{B307A00E-D7EC-4A0D-9FCF-A41B023C8D9F}.Debug|Any CPU.ActiveCfg = Debug|Any CPU
		{B307A00E-D7EC-4A0D-9FCF-A41B023C8D9F}.Debug|Any CPU.Build.0 = Debug|Any CPU
		{B307A00E-D7EC-4A0D-9FCF-A41B023C8D9F}.Release|Any CPU.ActiveCfg = Release|Any CPU
		{B307A00E-D7EC-4A0D-9FCF-A41B023C8D9F}.Release|Any CPU.Build.0 = Release|Any CPU
		{839F22B8-309D-4228-BA55-DE14B6B76FA9}.Debug|Any CPU.ActiveCfg = Debug|Any CPU
		{839F22B8-309D-4228-BA55-DE14B6B76FA9}.Debug|Any CPU.Build.0 = Debug|Any CPU
		{839F22B8-309D-4228-BA55-DE14B6B76FA9}.Release|Any CPU.ActiveCfg = Release|Any CPU
		{839F22B8-309D-4228-BA55-DE14B6B76FA9}.Release|Any CPU.Build.0 = Release|Any CPU
		{8F333EDF-6968-4AF9-BC5C-2A7BE29D22BA}.Debug|Any CPU.ActiveCfg = Debug|Any CPU
		{8F333EDF-6968-4AF9-BC5C-2A7BE29D22BA}.Debug|Any CPU.Build.0 = Debug|Any CPU
		{8F333EDF-6968-4AF9-BC5C-2A7BE29D22BA}.Release|Any CPU.ActiveCfg = Release|Any CPU
		{8F333EDF-6968-4AF9-BC5C-2A7BE29D22BA}.Release|Any CPU.Build.0 = Release|Any CPU
		{2CAE0AB2-110E-4827-98C9-6C5157BDFFAA}.Debug|Any CPU.ActiveCfg = Debug|Any CPU
		{2CAE0AB2-110E-4827-98C9-6C5157BDFFAA}.Debug|Any CPU.Build.0 = Debug|Any CPU
		{2CAE0AB2-110E-4827-98C9-6C5157BDFFAA}.Release|Any CPU.ActiveCfg = Release|Any CPU
		{2CAE0AB2-110E-4827-98C9-6C5157BDFFAA}.Release|Any CPU.Build.0 = Release|Any CPU
		{72E4B66F-C23D-4657-9063-7DBAAE27A826}.Debug|Any CPU.ActiveCfg = Debug|Any CPU
		{72E4B66F-C23D-4657-9063-7DBAAE27A826}.Debug|Any CPU.Build.0 = Debug|Any CPU
		{72E4B66F-C23D-4657-9063-7DBAAE27A826}.Release|Any CPU.ActiveCfg = Release|Any CPU
		{72E4B66F-C23D-4657-9063-7DBAAE27A826}.Release|Any CPU.Build.0 = Release|Any CPU
	EndGlobalSection
	GlobalSection(SolutionProperties) = preSolution
		HideSolutionNode = FALSE
	EndGlobalSection
EndGlobal
