
Microsoft Visual Studio Solution File, Format Version 12.00
# Visual Studio 15
VisualStudioVersion = 15.0.26430.12
MinimumVisualStudioVersion = 10.0.40219.1
Project("{FAE04EC0-301F-11D3-BF4B-00C04F79EFBC}") = "01. Practice Integers", "01. Practice Integers\01. Practice Integers.csproj", "{F19FE81B-5213-4DCA-A3C5-7F793B0DB209}"
EndProject
Project("{FAE04EC0-301F-11D3-BF4B-00C04F79EFBC}") = "02. Practice Floating Points", "02. Practice Floating Points\02. Practice Floating Points.csproj", "{F25B4897-D6AE-49DD-AE9D-A32F17358405}"
EndProject
Project("{FAE04EC0-301F-11D3-BF4B-00C04F79EFBC}") = "03. Practice Chars And Strings", "03. Practice Chars And Strings\03. Practice Chars And Strings.csproj", "{02DEBDD0-C969-47C4-B9EF-B300B7899EA1}"
EndProject
Project("{FAE04EC0-301F-11D3-BF4B-00C04F79EFBC}") = "04. Variable in Hex Format", "04. Variable in Hex Format\04. Variable in Hex Format.csproj", "{5E3EBF88-31AC-4F6A-97FA-D328E3634C1D}"
EndProject
Project("{FAE04EC0-301F-11D3-BF4B-00C04F79EFBC}") = "05. Boolean Variable", "05. Boolean Variable\05. Boolean Variable.csproj", "{D301A8C5-3CB4-4EB5-A9A7-CB293761A7B4}"
EndProject
Project("{FAE04EC0-301F-11D3-BF4B-00C04F79EFBC}") = "06. Strings And Objects", "06. Strings And Objects\06. Strings And Objects.csproj", "{7F04133D-3770-4ADB-A465-367DDCF9692D}"
EndProject
Project("{FAE04EC0-301F-11D3-BF4B-00C04F79EFBC}") = "07. Exchange Variable Values", "07. Exchange Variable Values\07. Exchange Variable Values.csproj", "{B907320D-730A-4460-90C1-250AF21F5E20}"
EndProject
Project("{FAE04EC0-301F-11D3-BF4B-00C04F79EFBC}") = "08. Employee Data", "08. Employee Data\08. Employee Data.csproj", "{0A7790BF-CED4-4C9D-B092-00CCB31E844F}"
EndProject
Project("{FAE04EC0-301F-11D3-BF4B-00C04F79EFBC}") = "09. Reversed chars", "09. Reversed chars\09. Reversed chars.csproj", "{3A754965-150C-45E0-8612-F1D5D504C90B}"
EndProject
Project("{FAE04EC0-301F-11D3-BF4B-00C04F79EFBC}") = "10. Centuries to Nanoseconds", "10. Centuries to Nanoseconds\10. Centuries to Nanoseconds.csproj", "{CB8E5056-13A9-4007-A720-E329D1FBF6FB}"
EndProject
Project("{FAE04EC0-301F-11D3-BF4B-00C04F79EFBC}") = "11. Convert Speed Units", "11. Convert Speed Units\11. Convert Speed Units.csproj", "{92F018DB-C9DA-46E8-9BA8-30714A441138}"
EndProject
Project("{FAE04EC0-301F-11D3-BF4B-00C04F79EFBC}") = "12. Rectangle Properties", "12. Rectangle Properties\12. Rectangle Properties.csproj", "{3DEDE863-3258-408A-84E7-B74C456FB897}"
EndProject
Project("{FAE04EC0-301F-11D3-BF4B-00C04F79EFBC}") = "13. Vowel or Digit", "13. Vowel or Digit\13. Vowel or Digit.csproj", "{EDFAF54C-7A6A-4F48-A7B6-D3A124232C07}"
EndProject
Project("{FAE04EC0-301F-11D3-BF4B-00C04F79EFBC}") = "14. Integer to Hex and Binary", "14. Integer to Hex and Binary\14. Integer to Hex and Binary.csproj", "{C712157B-3501-4E6F-881F-4CABCA8996A2}"
EndProject
Project("{FAE04EC0-301F-11D3-BF4B-00C04F79EFBC}") = "15. Fast Prime Checker", "15. Fast Prime Checker\15. Fast Prime Checker.csproj", "{7392A60C-860E-475A-9CBE-C9C0D3989C65}"
EndProject
Project("{FAE04EC0-301F-11D3-BF4B-00C04F79EFBC}") = "16. Comparing floats", "16. Comparing floats\16. Comparing floats.csproj", "{929A4040-37D0-4319-A3CF-CD70C656B6D8}"
EndProject
Project("{FAE04EC0-301F-11D3-BF4B-00C04F79EFBC}") = "17. Print Part Of ASCII Table", "17. Print Part Of ASCII Table\17. Print Part Of ASCII Table.csproj", "{F1FE22D8-D33C-4E27-BA95-69F885B705FF}"
EndProject
Project("{FAE04EC0-301F-11D3-BF4B-00C04F79EFBC}") = "18. Different Integers Size", "18. Different Integers Size\18. Different Integers Size.csproj", "{745118E3-EDFA-4163-AB09-FEBC71D4D5B8}"
EndProject
Project("{FAE04EC0-301F-11D3-BF4B-00C04F79EFBC}") = "19. Thea The Photographer", "19. Thea The Photographer\19. Thea The Photographer.csproj", "{EB974243-57D5-47C7-9EFE-725BDC1A1944}"
EndProject
Global
	GlobalSection(SolutionConfigurationPlatforms) = preSolution
		Debug|Any CPU = Debug|Any CPU
		Release|Any CPU = Release|Any CPU
	EndGlobalSection
	GlobalSection(ProjectConfigurationPlatforms) = postSolution
		{F19FE81B-5213-4DCA-A3C5-7F793B0DB209}.Debug|Any CPU.ActiveCfg = Debug|Any CPU
		{F19FE81B-5213-4DCA-A3C5-7F793B0DB209}.Debug|Any CPU.Build.0 = Debug|Any CPU
		{F19FE81B-5213-4DCA-A3C5-7F793B0DB209}.Release|Any CPU.ActiveCfg = Release|Any CPU
		{F19FE81B-5213-4DCA-A3C5-7F793B0DB209}.Release|Any CPU.Build.0 = Release|Any CPU
		{F25B4897-D6AE-49DD-AE9D-A32F17358405}.Debug|Any CPU.ActiveCfg = Debug|Any CPU
		{F25B4897-D6AE-49DD-AE9D-A32F17358405}.Debug|Any CPU.Build.0 = Debug|Any CPU
		{F25B4897-D6AE-49DD-AE9D-A32F17358405}.Release|Any CPU.ActiveCfg = Release|Any CPU
		{F25B4897-D6AE-49DD-AE9D-A32F17358405}.Release|Any CPU.Build.0 = Release|Any CPU
		{02DEBDD0-C969-47C4-B9EF-B300B7899EA1}.Debug|Any CPU.ActiveCfg = Debug|Any CPU
		{02DEBDD0-C969-47C4-B9EF-B300B7899EA1}.Debug|Any CPU.Build.0 = Debug|Any CPU
		{02DEBDD0-C969-47C4-B9EF-B300B7899EA1}.Release|Any CPU.ActiveCfg = Release|Any CPU
		{02DEBDD0-C969-47C4-B9EF-B300B7899EA1}.Release|Any CPU.Build.0 = Release|Any CPU
		{5E3EBF88-31AC-4F6A-97FA-D328E3634C1D}.Debug|Any CPU.ActiveCfg = Debug|Any CPU
		{5E3EBF88-31AC-4F6A-97FA-D328E3634C1D}.Debug|Any CPU.Build.0 = Debug|Any CPU
		{5E3EBF88-31AC-4F6A-97FA-D328E3634C1D}.Release|Any CPU.ActiveCfg = Release|Any CPU
		{5E3EBF88-31AC-4F6A-97FA-D328E3634C1D}.Release|Any CPU.Build.0 = Release|Any CPU
		{D301A8C5-3CB4-4EB5-A9A7-CB293761A7B4}.Debug|Any CPU.ActiveCfg = Debug|Any CPU
		{D301A8C5-3CB4-4EB5-A9A7-CB293761A7B4}.Debug|Any CPU.Build.0 = Debug|Any CPU
		{D301A8C5-3CB4-4EB5-A9A7-CB293761A7B4}.Release|Any CPU.ActiveCfg = Release|Any CPU
		{D301A8C5-3CB4-4EB5-A9A7-CB293761A7B4}.Release|Any CPU.Build.0 = Release|Any CPU
		{7F04133D-3770-4ADB-A465-367DDCF9692D}.Debug|Any CPU.ActiveCfg = Debug|Any CPU
		{7F04133D-3770-4ADB-A465-367DDCF9692D}.Debug|Any CPU.Build.0 = Debug|Any CPU
		{7F04133D-3770-4ADB-A465-367DDCF9692D}.Release|Any CPU.ActiveCfg = Release|Any CPU
		{7F04133D-3770-4ADB-A465-367DDCF9692D}.Release|Any CPU.Build.0 = Release|Any CPU
		{B907320D-730A-4460-90C1-250AF21F5E20}.Debug|Any CPU.ActiveCfg = Debug|Any CPU
		{B907320D-730A-4460-90C1-250AF21F5E20}.Debug|Any CPU.Build.0 = Debug|Any CPU
		{B907320D-730A-4460-90C1-250AF21F5E20}.Release|Any CPU.ActiveCfg = Release|Any CPU
		{B907320D-730A-4460-90C1-250AF21F5E20}.Release|Any CPU.Build.0 = Release|Any CPU
		{0A7790BF-CED4-4C9D-B092-00CCB31E844F}.Debug|Any CPU.ActiveCfg = Debug|Any CPU
		{0A7790BF-CED4-4C9D-B092-00CCB31E844F}.Debug|Any CPU.Build.0 = Debug|Any CPU
		{0A7790BF-CED4-4C9D-B092-00CCB31E844F}.Release|Any CPU.ActiveCfg = Release|Any CPU
		{0A7790BF-CED4-4C9D-B092-00CCB31E844F}.Release|Any CPU.Build.0 = Release|Any CPU
		{3A754965-150C-45E0-8612-F1D5D504C90B}.Debug|Any CPU.ActiveCfg = Debug|Any CPU
		{3A754965-150C-45E0-8612-F1D5D504C90B}.Debug|Any CPU.Build.0 = Debug|Any CPU
		{3A754965-150C-45E0-8612-F1D5D504C90B}.Release|Any CPU.ActiveCfg = Release|Any CPU
		{3A754965-150C-45E0-8612-F1D5D504C90B}.Release|Any CPU.Build.0 = Release|Any CPU
		{CB8E5056-13A9-4007-A720-E329D1FBF6FB}.Debug|Any CPU.ActiveCfg = Debug|Any CPU
		{CB8E5056-13A9-4007-A720-E329D1FBF6FB}.Debug|Any CPU.Build.0 = Debug|Any CPU
		{CB8E5056-13A9-4007-A720-E329D1FBF6FB}.Release|Any CPU.ActiveCfg = Release|Any CPU
		{CB8E5056-13A9-4007-A720-E329D1FBF6FB}.Release|Any CPU.Build.0 = Release|Any CPU
		{92F018DB-C9DA-46E8-9BA8-30714A441138}.Debug|Any CPU.ActiveCfg = Debug|Any CPU
		{92F018DB-C9DA-46E8-9BA8-30714A441138}.Debug|Any CPU.Build.0 = Debug|Any CPU
		{92F018DB-C9DA-46E8-9BA8-30714A441138}.Release|Any CPU.ActiveCfg = Release|Any CPU
		{92F018DB-C9DA-46E8-9BA8-30714A441138}.Release|Any CPU.Build.0 = Release|Any CPU
		{3DEDE863-3258-408A-84E7-B74C456FB897}.Debug|Any CPU.ActiveCfg = Debug|Any CPU
		{3DEDE863-3258-408A-84E7-B74C456FB897}.Debug|Any CPU.Build.0 = Debug|Any CPU
		{3DEDE863-3258-408A-84E7-B74C456FB897}.Release|Any CPU.ActiveCfg = Release|Any CPU
		{3DEDE863-3258-408A-84E7-B74C456FB897}.Release|Any CPU.Build.0 = Release|Any CPU
		{EDFAF54C-7A6A-4F48-A7B6-D3A124232C07}.Debug|Any CPU.ActiveCfg = Debug|Any CPU
		{EDFAF54C-7A6A-4F48-A7B6-D3A124232C07}.Debug|Any CPU.Build.0 = Debug|Any CPU
		{EDFAF54C-7A6A-4F48-A7B6-D3A124232C07}.Release|Any CPU.ActiveCfg = Release|Any CPU
		{EDFAF54C-7A6A-4F48-A7B6-D3A124232C07}.Release|Any CPU.Build.0 = Release|Any CPU
		{C712157B-3501-4E6F-881F-4CABCA8996A2}.Debug|Any CPU.ActiveCfg = Debug|Any CPU
		{C712157B-3501-4E6F-881F-4CABCA8996A2}.Debug|Any CPU.Build.0 = Debug|Any CPU
		{C712157B-3501-4E6F-881F-4CABCA8996A2}.Release|Any CPU.ActiveCfg = Release|Any CPU
		{C712157B-3501-4E6F-881F-4CABCA8996A2}.Release|Any CPU.Build.0 = Release|Any CPU
		{7392A60C-860E-475A-9CBE-C9C0D3989C65}.Debug|Any CPU.ActiveCfg = Debug|Any CPU
		{7392A60C-860E-475A-9CBE-C9C0D3989C65}.Debug|Any CPU.Build.0 = Debug|Any CPU
		{7392A60C-860E-475A-9CBE-C9C0D3989C65}.Release|Any CPU.ActiveCfg = Release|Any CPU
		{7392A60C-860E-475A-9CBE-C9C0D3989C65}.Release|Any CPU.Build.0 = Release|Any CPU
		{929A4040-37D0-4319-A3CF-CD70C656B6D8}.Debug|Any CPU.ActiveCfg = Debug|Any CPU
		{929A4040-37D0-4319-A3CF-CD70C656B6D8}.Debug|Any CPU.Build.0 = Debug|Any CPU
		{929A4040-37D0-4319-A3CF-CD70C656B6D8}.Release|Any CPU.ActiveCfg = Release|Any CPU
		{929A4040-37D0-4319-A3CF-CD70C656B6D8}.Release|Any CPU.Build.0 = Release|Any CPU
		{F1FE22D8-D33C-4E27-BA95-69F885B705FF}.Debug|Any CPU.ActiveCfg = Debug|Any CPU
		{F1FE22D8-D33C-4E27-BA95-69F885B705FF}.Debug|Any CPU.Build.0 = Debug|Any CPU
		{F1FE22D8-D33C-4E27-BA95-69F885B705FF}.Release|Any CPU.ActiveCfg = Release|Any CPU
		{F1FE22D8-D33C-4E27-BA95-69F885B705FF}.Release|Any CPU.Build.0 = Release|Any CPU
		{745118E3-EDFA-4163-AB09-FEBC71D4D5B8}.Debug|Any CPU.ActiveCfg = Debug|Any CPU
		{745118E3-EDFA-4163-AB09-FEBC71D4D5B8}.Debug|Any CPU.Build.0 = Debug|Any CPU
		{745118E3-EDFA-4163-AB09-FEBC71D4D5B8}.Release|Any CPU.ActiveCfg = Release|Any CPU
		{745118E3-EDFA-4163-AB09-FEBC71D4D5B8}.Release|Any CPU.Build.0 = Release|Any CPU
		{EB974243-57D5-47C7-9EFE-725BDC1A1944}.Debug|Any CPU.ActiveCfg = Debug|Any CPU
		{EB974243-57D5-47C7-9EFE-725BDC1A1944}.Debug|Any CPU.Build.0 = Debug|Any CPU
		{EB974243-57D5-47C7-9EFE-725BDC1A1944}.Release|Any CPU.ActiveCfg = Release|Any CPU
		{EB974243-57D5-47C7-9EFE-725BDC1A1944}.Release|Any CPU.Build.0 = Release|Any CPU
	EndGlobalSection
	GlobalSection(SolutionProperties) = preSolution
		HideSolutionNode = FALSE
	EndGlobalSection
EndGlobal
